lockfileVersion: '9.0'

settings:
  autoInstallPeers: true
  excludeLinksFromLockfile: false

importers:

  .:
    dependencies:
      inkjs:
        specifier: ^2.4.0
        version: 2.4.0

packages:

  inkjs@2.4.0:
    resolution: {integrity: sha512-EoPCYESIbMtfI8SqEDZCJwn+A5is0QozMLw250iic1ReJCgZpRKIezWj0VqgRUzAx0f3MmEbsUjY/ILe2815JQ==}
    hasBin: true

snapshots:

  inkjs@2.4.0: {}
